// !$*UTF8*$!
{
	archiveVersion = 1;
	classes = {
	};
	objectVersion = 46;
	objects = {

/* Begin PBXBuildFile section */
		454751C11F19856F002AC524 /* AppDelegate.swift in Sources */ = {isa = PBXBuildFile; fileRef = 454751C01F19856F002AC524 /* AppDelegate.swift */; };
		454751C31F19856F002AC524 /* ViewController.swift in Sources */ = {isa = PBXBuildFile; fileRef = 454751C21F19856F002AC524 /* ViewController.swift */; };
		454751C61F19856F002AC524 /* Main.storyboard in Resources */ = {isa = PBXBuildFile; fileRef = 454751C41F19856F002AC524 /* Main.storyboard */; };
		454751C81F19856F002AC524 /* Assets.xcassets in Resources */ = {isa = PBXBuildFile; fileRef = 454751C71F19856F002AC524 /* Assets.xcassets */; };
		454751CB1F19856F002AC524 /* LaunchScreen.storyboard in Resources */ = {isa = PBXBuildFile; fileRef = 454751C91F19856F002AC524 /* LaunchScreen.storyboard */; };
		FC566A1B249D0D9800D5F7E2 /* RegistrationViewController.swift in Sources */ = {isa = PBXBuildFile; fileRef = FC566A19249D0D9800D5F7E2 /* RegistrationViewController.swift */; };
		FC566A1C249D0D9800D5F7E2 /* RestrationViewController.xib in Resources */ = {isa = PBXBuildFile; fileRef = FC566A1A249D0D9800D5F7E2 /* RestrationViewController.xib */; };
		FC567088249BDB0B00AA4BCD /* ItemOneViewController.swift in Sources */ = {isa = PBXBuildFile; fileRef = FC567086249BDB0B00AA4BCD /* ItemOneViewController.swift */; };
		FC567089249BDB0B00AA4BCD /* ItemOneViewController.xib in Resources */ = {isa = PBXBuildFile; fileRef = FC567087249BDB0B00AA4BCD /* ItemOneViewController.xib */; };
		FC56708C249BDB9100AA4BCD /* ItemTwoViewController.swift in Sources */ = {isa = PBXBuildFile; fileRef = FC56708A249BDB9100AA4BCD /* ItemTwoViewController.swift */; };
		FC56708D249BDB9100AA4BCD /* ItemTwoViewController.xib in Resources */ = {isa = PBXBuildFile; fileRef = FC56708B249BDB9100AA4BCD /* ItemTwoViewController.xib */; };
		FC567090249BDC3000AA4BCD /* MoreViewController.swift in Sources */ = {isa = PBXBuildFile; fileRef = FC56708E249BDC3000AA4BCD /* MoreViewController.swift */; };
		FC567091249BDC3000AA4BCD /* MoreViewController.xib in Resources */ = {isa = PBXBuildFile; fileRef = FC56708F249BDC3000AA4BCD /* MoreViewController.xib */; };
		FC567094249BEAD000AA4BCD /* LoginViewController.swift in Sources */ = {isa = PBXBuildFile; fileRef = FC567092249BEAD000AA4BCD /* LoginViewController.swift */; };
		FC567095249BEAD000AA4BCD /* LoginViewController.xib in Resources */ = {isa = PBXBuildFile; fileRef = FC567093249BEAD000AA4BCD /* LoginViewController.xib */; };
		FC5C1D67249A621B0057F386 /* FavouriteViewController.xib in Resources */ = {isa = PBXBuildFile; fileRef = FC5C1D66249A621B0057F386 /* FavouriteViewController.xib */; };
		FC5C1D69249A6FE60057F386 /* FavouriteViewController.swift in Sources */ = {isa = PBXBuildFile; fileRef = FC5C1D68249A6FE60057F386 /* FavouriteViewController.swift */; };
/* End PBXBuildFile section */

/* Begin PBXFileReference section */
		454751BD1F19856F002AC524 /* Insode0ios.app */ = {isa = PBXFileReference; explicitFileType = wrapper.application; includeInIndex = 0; path = Insode0ios.app; sourceTree = BUILT_PRODUCTS_DIR; };
		454751C01F19856F002AC524 /* AppDelegate.swift */ = {isa = PBXFileReference; lastKnownFileType = sourcecode.swift; path = AppDelegate.swift; sourceTree = "<group>"; };
		454751C21F19856F002AC524 /* ViewController.swift */ = {isa = PBXFileReference; lastKnownFileType = sourcecode.swift; path = ViewController.swift; sourceTree = "<group>"; };
		454751C51F19856F002AC524 /* Base */ = {isa = PBXFileReference; lastKnownFileType = file.storyboard; name = Base; path = Base.lproj/Main.storyboard; sourceTree = "<group>"; };
		454751C71F19856F002AC524 /* Assets.xcassets */ = {isa = PBXFileReference; lastKnownFileType = folder.assetcatalog; path = Assets.xcassets; sourceTree = "<group>"; };
		454751CA1F19856F002AC524 /* Base */ = {isa = PBXFileReference; lastKnownFileType = file.storyboard; name = Base; path = Base.lproj/LaunchScreen.storyboard; sourceTree = "<group>"; };
		454751CC1F19856F002AC524 /* Info.plist */ = {isa = PBXFileReference; lastKnownFileType = text.plist.xml; path = Info.plist; sourceTree = "<group>"; };
		FC566A19249D0D9800D5F7E2 /* RegistrationViewController.swift */ = {isa = PBXFileReference; lastKnownFileType = sourcecode.swift; path = RegistrationViewController.swift; sourceTree = "<group>"; };
		FC566A1A249D0D9800D5F7E2 /* RestrationViewController.xib */ = {isa = PBXFileReference; lastKnownFileType = file.xib; path = RestrationViewController.xib; sourceTree = "<group>"; };
		FC567086249BDB0B00AA4BCD /* ItemOneViewController.swift */ = {isa = PBXFileReference; lastKnownFileType = sourcecode.swift; path = ItemOneViewController.swift; sourceTree = "<group>"; };
		FC567087249BDB0B00AA4BCD /* ItemOneViewController.xib */ = {isa = PBXFileReference; lastKnownFileType = file.xib; path = ItemOneViewController.xib; sourceTree = "<group>"; };
		FC56708A249BDB9100AA4BCD /* ItemTwoViewController.swift */ = {isa = PBXFileReference; lastKnownFileType = sourcecode.swift; path = ItemTwoViewController.swift; sourceTree = "<group>"; };
		FC56708B249BDB9100AA4BCD /* ItemTwoViewController.xib */ = {isa = PBXFileReference; lastKnownFileType = file.xib; path = ItemTwoViewController.xib; sourceTree = "<group>"; };
		FC56708E249BDC3000AA4BCD /* MoreViewController.swift */ = {isa = PBXFileReference; lastKnownFileType = sourcecode.swift; path = MoreViewController.swift; sourceTree = "<group>"; };
		FC56708F249BDC3000AA4BCD /* MoreViewController.xib */ = {isa = PBXFileReference; lastKnownFileType = file.xib; path = MoreViewController.xib; sourceTree = "<group>"; };
		FC567092249BEAD000AA4BCD /* LoginViewController.swift */ = {isa = PBXFileReference; lastKnownFileType = sourcecode.swift; path = LoginViewController.swift; sourceTree = "<group>"; };
		FC567093249BEAD000AA4BCD /* LoginViewController.xib */ = {isa = PBXFileReference; lastKnownFileType = file.xib; path = LoginViewController.xib; sourceTree = "<group>"; };
		FC5C1D66249A621B0057F386 /* FavouriteViewController.xib */ = {isa = PBXFileReference; lastKnownFileType = file.xib; path = FavouriteViewController.xib; sourceTree = "<group>"; };
		FC5C1D68249A6FE60057F386 /* FavouriteViewController.swift */ = {isa = PBXFileReference; lastKnownFileType = sourcecode.swift; path = FavouriteViewController.swift; sourceTree = "<group>"; };
/* End PBXFileReference section */

/* Begin PBXFrameworksBuildPhase section */
		454751BA1F19856F002AC524 /* Frameworks */ = {
			isa = PBXFrameworksBuildPhase;
			buildActionMask = 2147483647;
			files = (
			);
			runOnlyForDeploymentPostprocessing = 0;
		};
/* End PBXFrameworksBuildPhase section */

/* Begin PBXGroup section */
		454751B41F19856F002AC524 = {
			isa = PBXGroup;
			children = (
				FC566A1E249D31F400D5F7E2 /* xibs */,
				FC566A1D249D318700D5F7E2 /* Controllers */,
				454751BF1F19856F002AC524 /* Insode0ios */,
				454751BE1F19856F002AC524 /* Products */,
			);
			sourceTree = "<group>";
		};
		454751BE1F19856F002AC524 /* Products */ = {
			isa = PBXGroup;
			children = (
				454751BD1F19856F002AC524 /* Insode0ios.app */,
			);
			name = Products;
			sourceTree = "<group>";
		};
		454751BF1F19856F002AC524 /* Insode0ios */ = {
			isa = PBXGroup;
			children = (
				454751C01F19856F002AC524 /* AppDelegate.swift */,
				454751C41F19856F002AC524 /* Main.storyboard */,
				454751C71F19856F002AC524 /* Assets.xcassets */,
				454751C91F19856F002AC524 /* LaunchScreen.storyboard */,
				454751CC1F19856F002AC524 /* Info.plist */,
			);
			path = Insode0ios;
			sourceTree = "<group>";
		};
		FC566A1D249D318700D5F7E2 /* Controllers */ = {
			isa = PBXGroup;
			children = (
				FC567092249BEAD000AA4BCD /* LoginViewController.swift */,
				FC566A19249D0D9800D5F7E2 /* RegistrationViewController.swift */,
				FC567086249BDB0B00AA4BCD /* ItemOneViewController.swift */,
				FC56708A249BDB9100AA4BCD /* ItemTwoViewController.swift */,
				FC56708E249BDC3000AA4BCD /* MoreViewController.swift */,
				FC5C1D68249A6FE60057F386 /* FavouriteViewController.swift */,
				454751C21F19856F002AC524 /* ViewController.swift */,
			);
			path = Controllers;
			sourceTree = "<group>";
		};
		FC566A1E249D31F400D5F7E2 /* xibs */ = {
			isa = PBXGroup;
			children = (
				FC566A1A249D0D9800D5F7E2 /* RestrationViewController.xib */,
				FC567093249BEAD000AA4BCD /* LoginViewController.xib */,
				FC567087249BDB0B00AA4BCD /* ItemOneViewController.xib */,
				FC56708B249BDB9100AA4BCD /* ItemTwoViewController.xib */,
				FC56708F249BDC3000AA4BCD /* MoreViewController.xib */,
				FC5C1D66249A621B0057F386 /* FavouriteViewController.xib */,
			);
			path = xibs;
			sourceTree = "<group>";
		};
/* End PBXGroup section */

/* Begin PBXNativeTarget section */
		454751BC1F19856F002AC524 /* Insode0ios */ = {
			isa = PBXNativeTarget;
			buildConfigurationList = 454751CF1F19856F002AC524 /* Build configuration list for PBXNativeTarget "Insode0ios" */;
			buildPhases = (
				454751B91F19856F002AC524 /* Sources */,
				454751BA1F19856F002AC524 /* Frameworks */,
				454751BB1F19856F002AC524 /* Resources */,
			);
			buildRules = (
			);
			dependencies = (
			);
			name = Insode0ios;
			productName = HamburgerMenuBlog;
			productReference = 454751BD1F19856F002AC524 /* Insode0ios.app */;
			productType = "com.apple.product-type.application";
		};
/* End PBXNativeTarget section */

/* Begin PBXProject section */
		454751B51F19856F002AC524 /* Project object */ = {
			isa = PBXProject;
			attributes = {
				LastSwiftUpdateCheck = 0830;
				LastUpgradeCheck = 0830;
				ORGANIZATIONNAME = "Erica Millado";
				TargetAttributes = {
					454751BC1F19856F002AC524 = {
						CreatedOnToolsVersion = 8.3.2;
						ProvisioningStyle = Manual;
					};
				};
			};
			buildConfigurationList = 454751B81F19856F002AC524 /* Build configuration list for PBXProject "Insode0ios" */;
			compatibilityVersion = "Xcode 3.2";
			developmentRegion = English;
			hasScannedForEncodings = 0;
			knownRegions = (
				English,
				en,
				Base,
			);
			mainGroup = 454751B41F19856F002AC524;
			productRefGroup = 454751BE1F19856F002AC524 /* Products */;
			projectDirPath = "";
			projectRoot = "";
			targets = (
				454751BC1F19856F002AC524 /* Insode0ios */,
			);
		};
/* End PBXProject section */

/* Begin PBXResourcesBuildPhase section */
		454751BB1F19856F002AC524 /* Resources */ = {
			isa = PBXResourcesBuildPhase;
			buildActionMask = 2147483647;
			files = (
				FC567095249BEAD000AA4BCD /* LoginViewController.xib in Resources */,
				FC5C1D67249A621B0057F386 /* FavouriteViewController.xib in Resources */,
				454751CB1F19856F002AC524 /* LaunchScreen.storyboard in Resources */,
				FC566A1C249D0D9800D5F7E2 /* RestrationViewController.xib in Resources */,
				FC567089249BDB0B00AA4BCD /* ItemOneViewController.xib in Resources */,
				454751C81F19856F002AC524 /* Assets.xcassets in Resources */,
				FC567091249BDC3000AA4BCD /* MoreViewController.xib in Resources */,
				FC56708D249BDB9100AA4BCD /* ItemTwoViewController.xib in Resources */,
				454751C61F19856F002AC524 /* Main.storyboard in Resources */,
			);
			runOnlyForDeploymentPostprocessing = 0;
		};
/* End PBXResourcesBuildPhase section */

/* Begin PBXSourcesBuildPhase section */
		454751B91F19856F002AC524 /* Sources */ = {
			isa = PBXSourcesBuildPhase;
			buildActionMask = 2147483647;
			files = (
				FC567094249BEAD000AA4BCD /* LoginViewController.swift in Sources */,
				454751C31F19856F002AC524 /* ViewController.swift in Sources */,
				FC5C1D69249A6FE60057F386 /* FavouriteViewController.swift in Sources */,
				FC566A1B249D0D9800D5F7E2 /* RegistrationViewController.swift in Sources */,
				FC56708C249BDB9100AA4BCD /* ItemTwoViewController.swift in Sources */,
				FC567090249BDC3000AA4BCD /* MoreViewController.swift in Sources */,
				FC567088249BDB0B00AA4BCD /* ItemOneViewController.swift in Sources */,
				454751C11F19856F002AC524 /* AppDelegate.swift in Sources */,
			);
			runOnlyForDeploymentPostprocessing = 0;
		};
/* End PBXSourcesBuildPhase section */

/* Begin PBXVariantGroup section */
		454751C41F19856F002AC524 /* Main.storyboard */ = {
			isa = PBXVariantGroup;
			children = (
				454751C51F19856F002AC524 /* Base */,
			);
			name = Main.storyboard;
			sourceTree = "<group>";
		};
		454751C91F19856F002AC524 /* LaunchScreen.storyboard */ = {
			isa = PBXVariantGroup;
			children = (
				454751CA1F19856F002AC524 /* Base */,
			);
			name = LaunchScreen.storyboard;
			sourceTree = "<group>";
		};
/* End PBXVariantGroup section */

/* Begin XCBuildConfiguration section */
		454751CD1F19856F002AC524 /* Debug */ = {
			isa = XCBuildConfiguration;
			buildSettings = {
				ALWAYS_SEARCH_USER_PATHS = NO;
				CLANG_ANALYZER_NONNULL = YES;
				CLANG_ANALYZER_NUMBER_OBJECT_CONVERSION = YES_AGGRESSIVE;
				CLANG_CXX_LANGUAGE_STANDARD = "gnu++0x";
				CLANG_CXX_LIBRARY = "libc++";
				CLANG_ENABLE_MODULES = YES;
				CLANG_ENABLE_OBJC_ARC = YES;
				CLANG_WARN_BOOL_CONVERSION = YES;
				CLANG_WARN_CONSTANT_CONVERSION = YES;
				CLANG_WARN_DIRECT_OBJC_ISA_USAGE = YES_ERROR;
				CLANG_WARN_DOCUMENTATION_COMMENTS = YES;
				CLANG_WARN_EMPTY_BODY = YES;
				CLANG_WARN_ENUM_CONVERSION = YES;
				CLANG_WARN_INFINITE_RECURSION = YES;
				CLANG_WARN_INT_CONVERSION = YES;
				CLANG_WARN_OBJC_ROOT_CLASS = YES_ERROR;
				CLANG_WARN_SUSPICIOUS_MOVE = YES;
				CLANG_WARN_UNREACHABLE_CODE = YES;
				CLANG_WARN__DUPLICATE_METHOD_MATCH = YES;
				"CODE_SIGN_IDENTITY[sdk=iphoneos*]" = "iPhone Developer";
				COPY_PHASE_STRIP = NO;
				DEBUG_INFORMATION_FORMAT = dwarf;
				ENABLE_STRICT_OBJC_MSGSEND = YES;
				ENABLE_TESTABILITY = YES;
				GCC_C_LANGUAGE_STANDARD = gnu99;
				GCC_DYNAMIC_NO_PIC = NO;
				GCC_NO_COMMON_BLOCKS = YES;
				GCC_OPTIMIZATION_LEVEL = 0;
				GCC_PREPROCESSOR_DEFINITIONS = (
					"DEBUG=1",
					"$(inherited)",
				);
				GCC_WARN_64_TO_32_BIT_CONVERSION = YES;
				GCC_WARN_ABOUT_RETURN_TYPE = YES_ERROR;
				GCC_WARN_UNDECLARED_SELECTOR = YES;
				GCC_WARN_UNINITIALIZED_AUTOS = YES_AGGRESSIVE;
				GCC_WARN_UNUSED_FUNCTION = YES;
				GCC_WARN_UNUSED_VARIABLE = YES;
				IPHONEOS_DEPLOYMENT_TARGET = 10.3;
				MTL_ENABLE_DEBUG_INFO = YES;
				ONLY_ACTIVE_ARCH = YES;
				SDKROOT = iphoneos;
				SWIFT_ACTIVE_COMPILATION_CONDITIONS = DEBUG;
				SWIFT_OPTIMIZATION_LEVEL = "-Onone";
				TARGETED_DEVICE_FAMILY = "1,2";
			};
			name = Debug;
		};
		454751CE1F19856F002AC524 /* Release */ = {
			isa = XCBuildConfiguration;
			buildSettings = {
				ALWAYS_SEARCH_USER_PATHS = NO;
				CLANG_ANALYZER_NONNULL = YES;
				CLANG_ANALYZER_NUMBER_OBJECT_CONVERSION = YES_AGGRESSIVE;
				CLANG_CXX_LANGUAGE_STANDARD = "gnu++0x";
				CLANG_CXX_LIBRARY = "libc++";
				CLANG_ENABLE_MODULES = YES;
				CLANG_ENABLE_OBJC_ARC = YES;
				CLANG_WARN_BOOL_CONVERSION = YES;
				CLANG_WARN_CONSTANT_CONVERSION = YES;
				CLANG_WARN_DIRECT_OBJC_ISA_USAGE = YES_ERROR;
				CLANG_WARN_DOCUMENTATION_COMMENTS = YES;
				CLANG_WARN_EMPTY_BODY = YES;
				CLANG_WARN_ENUM_CONVERSION = YES;
				CLANG_WARN_INFINITE_RECURSION = YES;
				CLANG_WARN_INT_CONVERSION = YES;
				CLANG_WARN_OBJC_ROOT_CLASS = YES_ERROR;
				CLANG_WARN_SUSPICIOUS_MOVE = YES;
				CLANG_WARN_UNREACHABLE_CODE = YES;
				CLANG_WARN__DUPLICATE_METHOD_MATCH = YES;
				"CODE_SIGN_IDENTITY[sdk=iphoneos*]" = "iPhone Developer";
				COPY_PHASE_STRIP = NO;
				DEBUG_INFORMATION_FORMAT = "dwarf-with-dsym";
				ENABLE_NS_ASSERTIONS = NO;
				ENABLE_STRICT_OBJC_MSGSEND = YES;
				GCC_C_LANGUAGE_STANDARD = gnu99;
				GCC_NO_COMMON_BLOCKS = YES;
				GCC_WARN_64_TO_32_BIT_CONVERSION = YES;
				GCC_WARN_ABOUT_RETURN_TYPE = YES_ERROR;
				GCC_WARN_UNDECLARED_SELECTOR = YES;
				GCC_WARN_UNINITIALIZED_AUTOS = YES_AGGRESSIVE;
				GCC_WARN_UNUSED_FUNCTION = YES;
				GCC_WARN_UNUSED_VARIABLE = YES;
				IPHONEOS_DEPLOYMENT_TARGET = 10.3;
				MTL_ENABLE_DEBUG_INFO = NO;
				SDKROOT = iphoneos;
				SWIFT_OPTIMIZATION_LEVEL = "-Owholemodule";
				TARGETED_DEVICE_FAMILY = "1,2";
				VALIDATE_PRODUCT = YES;
			};
			name = Release;
		};
		454751D01F19856F002AC524 /* Debug */ = {
			isa = XCBuildConfiguration;
			buildSettings = {
				ASSETCATALOG_COMPILER_APPICON_NAME = AppIcon;
				CODE_SIGN_STYLE = Manual;
				DEVELOPMENT_TEAM = "";
				INFOPLIST_FILE = "$(SRCROOT)/Insode0ios/Info.plist";
				LD_RUNPATH_SEARCH_PATHS = "$(inherited) @executable_path/Frameworks";
				PRODUCT_BUNDLE_IDENTIFIER = com.yayitserica.HamburgerMenu;
				PRODUCT_NAME = "$(TARGET_NAME)";
				PROVISIONING_PROFILE_SPECIFIER = "";
				SWIFT_VERSION = 4.0;
			};
			name = Debug;
		};
		454751D11F19856F002AC524 /* Release */ = {
			isa = XCBuildConfiguration;
			buildSettings = {
				ASSETCATALOG_COMPILER_APPICON_NAME = AppIcon;
				CODE_SIGN_STYLE = Manual;
				DEVELOPMENT_TEAM = "";
				INFOPLIST_FILE = "$(SRCROOT)/Insode0ios/Info.plist";
				LD_RUNPATH_SEARCH_PATHS = "$(inherited) @executable_path/Frameworks";
				PRODUCT_BUNDLE_IDENTIFIER = com.yayitserica.HamburgerMenu;
				PRODUCT_NAME = "$(TARGET_NAME)";
				PROVISIONING_PROFILE_SPECIFIER = "";
				SWIFT_VERSION = 4.0;
			};
			name = Release;
		};
/* End XCBuildConfiguration section */

/* Begin XCConfigurationList section */
		454751B81F19856F002AC524 /* Build configuration list for PBXProject "Insode0ios" */ = {
			isa = XCConfigurationList;
			buildConfigurations = (
				454751CD1F19856F002AC524 /* Debug */,
				454751CE1F19856F002AC524 /* Release */,
			);
			defaultConfigurationIsVisible = 0;
			defaultConfigurationName = Release;
		};
		454751CF1F19856F002AC524 /* Build configuration list for PBXNativeTarget "Insode0ios" */ = {
			isa = XCConfigurationList;
			buildConfigurations = (
				454751D01F19856F002AC524 /* Debug */,
				454751D11F19856F002AC524 /* Release */,
			);
			defaultConfigurationIsVisible = 0;
			defaultConfigurationName = Release;
		};
/* End XCConfigurationList section */
	};
	rootObject = 454751B51F19856F002AC524 /* Project object */;
}
